hash: 7a0aaedf7be5e49ecfaf91591d3fa400d9dfb4dc307775926536d510e7569063
updated: 2017-07-07T16:48:18.800782406-04:00
imports:
- name: github.com/apex/log
  version: 8f3a15d95392c8fc202d1e1059f46df21dff2992
  subpackages:
  - handlers/text
- name: github.com/pkg/errors
  version: 645ef00459ed84a119197bfb8d8205042c6df63d
- name: golang.org/x/crypto
  version: a48ac81e47fd6f9ed1258f3b60ae9e75f93cb7ed
  subpackages:
  - acme
  - acme/autocert
testImports: []
